{
  "name": "hybrixd_transports",
  "requires": true,
  "lockfileVersion": 1,
  "dependencies": {
    "iconv": {
      "version": "2.2.3",
      "resolved": "https://registry.npmjs.org/iconv/-/iconv-2.2.3.tgz",
      "integrity": "sha1-4ITWDut9c9p/CpwJbkyKvgkL+u0=",
      "optional": true,
      "requires": {
        "nan": "^2.3.5"
      }
    },
    "irc": {
      "version": "github:matrix-org/node-irc#912f8645f2826debab7206541ea35a783463dfbd",
      "from": "github:matrix-org/node-irc",
      "requires": {
        "iconv": "~2.2.1",
        "irc-colors": "^1.1.0",
        "node-icu-charset-detector": "~0.2.0"
      }
    },
    "irc-colors": {
      "version": "1.5.0",
      "resolved": "https://registry.npmjs.org/irc-colors/-/irc-colors-1.5.0.tgz",
      "integrity": "sha512-HtszKchBQTcqw1DC09uD7i7vvMayHGM1OCo6AHt5pkgZEyo99ClhHTMJdf+Ezc9ovuNNxcH89QfyclGthjZJOw=="
    },
    "js-sha256": {
      "version": "0.9.0",
      "resolved": "https://registry.npmjs.org/js-sha256/-/js-sha256-0.9.0.tgz",
      "integrity": "sha512-sga3MHh9sgQN2+pJ9VYZ+1LPwXOxuBJBA5nrR5/ofPfuiJBE2hnjsaN8se8JznOmGLN2p49Pe5U/ttafcs/apA=="
    },
    "nan": {
      "version": "2.12.1",
      "resolved": "https://registry.npmjs.org/nan/-/nan-2.12.1.tgz",
      "integrity": "sha512-JY7V6lRkStKcKTvHO5NVSQRv+RV+FIL5pvDoLiAtSL9pKlC5x9PKQcZDsq7m4FO4d57mkhC6Z+QhAh3Jdk5JFw==",
      "optional": true
    },
    "node-icu-charset-detector": {
      "version": "0.2.0",
      "resolved": "https://registry.npmjs.org/node-icu-charset-detector/-/node-icu-charset-detector-0.2.0.tgz",
      "integrity": "sha1-wjINo3Tdy2cfxUy0oOBB4Vb/1jk=",
      "optional": true,
      "requires": {
        "nan": "^2.3.3"
      }
    }
  }
}
